// !$*UTF8*$!
{
	archiveVersion = 1;
	classes = {
	};
	objectVersion = 56;
	objects = {

/* Begin PBXBuildFile section */
		6C60F81A2CCF549A00195899 /* AppDelegate.swift in Sources */ = {isa = PBXBuildFile; fileRef = 6C60F8192CCF549A00195899 /* AppDelegate.swift */; };
		6C60F81C2CCF549A00195899 /* SceneDelegate.swift in Sources */ = {isa = PBXBuildFile; fileRef = 6C60F81B2CCF549A00195899 /* SceneDelegate.swift */; };
		6C60F81E2CCF549A00195899 /* AddUserVC.swift in Sources */ = {isa = PBXBuildFile; fileRef = 6C60F81D2CCF549A00195899 /* AddUserVC.swift */; };
		6C60F8212CCF549A00195899 /* Base in Resources */ = {isa = PBXBuildFile; fileRef = 6C60F8202CCF549A00195899 /* Base */; };
		6C60F8242CCF549A00195899 /* core_data.xcdatamodeld in Sources */ = {isa = PBXBuildFile; fileRef = 6C60F8222CCF549A00195899 /* core_data.xcdatamodeld */; };
		6C60F8262CCF549C00195899 /* Assets.xcassets in Resources */ = {isa = PBXBuildFile; fileRef = 6C60F8252CCF549C00195899 /* Assets.xcassets */; };
		6C60F8292CCF549C00195899 /* Base in Resources */ = {isa = PBXBuildFile; fileRef = 6C60F8282CCF549C00195899 /* Base */; };
		6C7397672CE2204400B5A8B8 /* CoreDataManager.swift in Sources */ = {isa = PBXBuildFile; fileRef = 6C7397662CE2204400B5A8B8 /* CoreDataManager.swift */; };
		6C7397692CE232EB00B5A8B8 /* HomeVC.swift in Sources */ = {isa = PBXBuildFile; fileRef = 6C7397682CE232EB00B5A8B8 /* HomeVC.swift */; };
		6C73976B2CE233E100B5A8B8 /* ListUserVC.swift in Sources */ = {isa = PBXBuildFile; fileRef = 6C73976A2CE233E100B5A8B8 /* ListUserVC.swift */; };
		6C73976F2CE23D8F00B5A8B8 /* UserListCollectionViewCell.swift in Sources */ = {isa = PBXBuildFile; fileRef = 6C73976D2CE23D8F00B5A8B8 /* UserListCollectionViewCell.swift */; };
		6C7397702CE23D8F00B5A8B8 /* UserListCollectionViewCell.xib in Resources */ = {isa = PBXBuildFile; fileRef = 6C73976E2CE23D8F00B5A8B8 /* UserListCollectionViewCell.xib */; };
		6C7397732CE2432100B5A8B8 /* UserModel.swift in Sources */ = {isa = PBXBuildFile; fileRef = 6C7397722CE2432100B5A8B8 /* UserModel.swift */; };
		6C7397762CE2437C00B5A8B8 /* Dictionary+Extension.swift in Sources */ = {isa = PBXBuildFile; fileRef = 6C7397752CE2437C00B5A8B8 /* Dictionary+Extension.swift */; };
		6CA06CA12CE337A4007C5946 /* ProductHomeViewController.swift in Sources */ = {isa = PBXBuildFile; fileRef = 6CA06CA02CE337A4007C5946 /* ProductHomeViewController.swift */; };
		6CA06CA32CE337EC007C5946 /* ApiClient.swift in Sources */ = {isa = PBXBuildFile; fileRef = 6CA06CA22CE337EC007C5946 /* ApiClient.swift */; };
		6CA06CAB2CE33E24007C5946 /* ApiError.swift in Sources */ = {isa = PBXBuildFile; fileRef = 6CA06CAA2CE33E24007C5946 /* ApiError.swift */; };
		6CA06CAD2CE3575C007C5946 /* ProductHomeModel.swift in Sources */ = {isa = PBXBuildFile; fileRef = 6CA06CAC2CE3575C007C5946 /* ProductHomeModel.swift */; };
		6CA06CAF2CE359A2007C5946 /* ApiManager.swift in Sources */ = {isa = PBXBuildFile; fileRef = 6CA06CAE2CE359A2007C5946 /* ApiManager.swift */; };
		6CA06CB22CE35A4E007C5946 /* ApiConstants.swift in Sources */ = {isa = PBXBuildFile; fileRef = 6CA06CB12CE35A4E007C5946 /* ApiConstants.swift */; };
		6CA06CB72CE361FC007C5946 /* HomeCollectionViewCell.xib in Resources */ = {isa = PBXBuildFile; fileRef = 6CA06CB62CE361FC007C5946 /* HomeCollectionViewCell.xib */; };
		6CA06CB82CE361FC007C5946 /* HomeCollectionViewCell.swift in Sources */ = {isa = PBXBuildFile; fileRef = 6CA06CB52CE361FC007C5946 /* HomeCollectionViewCell.swift */; };
		6CA06CBA2CE365AC007C5946 /* Package.swift in Sources */ = {isa = PBXBuildFile; fileRef = 6CA06CB92CE365AC007C5946 /* Package.swift */; };
		6CA06CBE2CE4772E007C5946 /* TodoListViewController.swift in Sources */ = {isa = PBXBuildFile; fileRef = 6CA06CBD2CE4772E007C5946 /* TodoListViewController.swift */; };
		6CA06CC12CE478AC007C5946 /* TodoCellTableViewCell.swift in Sources */ = {isa = PBXBuildFile; fileRef = 6CA06CC02CE478AC007C5946 /* TodoCellTableViewCell.swift */; };
		6CA06CC42CE480FD007C5946 /* TodoList+CoreDataClass.swift in Sources */ = {isa = PBXBuildFile; fileRef = 6CA06CC22CE480FD007C5946 /* TodoList+CoreDataClass.swift */; };
		6CA06CC52CE480FD007C5946 /* TodoList+CoreDataProperties.swift in Sources */ = {isa = PBXBuildFile; fileRef = 6CA06CC32CE480FD007C5946 /* TodoList+CoreDataProperties.swift */; };
		6CA06CC92CE48E10007C5946 /* SectionHeaderCollectionReusableView.xib in Resources */ = {isa = PBXBuildFile; fileRef = 6CA06CC82CE48E10007C5946 /* SectionHeaderCollectionReusableView.xib */; };
		6CA06CCA2CE48E10007C5946 /* SectionHeaderCollectionReusableView.swift in Sources */ = {isa = PBXBuildFile; fileRef = 6CA06CC72CE48E10007C5946 /* SectionHeaderCollectionReusableView.swift */; };
		D45458EE77ACAA6DB8BC1515 /* Pods_core_data.framework in Frameworks */ = {isa = PBXBuildFile; fileRef = E81B6F807B664ED9D8F4DECB /* Pods_core_data.framework */; };
/* End PBXBuildFile section */

/* Begin PBXFileReference section */
		2FA888713A2A228AC52E7DF5 /* Pods-core_data.debug.xcconfig */ = {isa = PBXFileReference; includeInIndex = 1; lastKnownFileType = text.xcconfig; name = "Pods-core_data.debug.xcconfig"; path = "Target Support Files/Pods-core_data/Pods-core_data.debug.xcconfig"; sourceTree = "<group>"; };
		6C60F8162CCF549A00195899 /* core_data.app */ = {isa = PBXFileReference; explicitFileType = wrapper.application; includeInIndex = 0; path = core_data.app; sourceTree = BUILT_PRODUCTS_DIR; };
		6C60F8192CCF549A00195899 /* AppDelegate.swift */ = {isa = PBXFileReference; lastKnownFileType = sourcecode.swift; path = AppDelegate.swift; sourceTree = "<group>"; };
		6C60F81B2CCF549A00195899 /* SceneDelegate.swift */ = {isa = PBXFileReference; lastKnownFileType = sourcecode.swift; path = SceneDelegate.swift; sourceTree = "<group>"; };
		6C60F81D2CCF549A00195899 /* AddUserVC.swift */ = {isa = PBXFileReference; lastKnownFileType = sourcecode.swift; path = AddUserVC.swift; sourceTree = "<group>"; };
		6C60F8202CCF549A00195899 /* Base */ = {isa = PBXFileReference; lastKnownFileType = file.storyboard; name = Base; path = Base.lproj/Main.storyboard; sourceTree = "<group>"; };
		6C60F8232CCF549A00195899 /* core_data.xcdatamodel */ = {isa = PBXFileReference; lastKnownFileType = wrapper.xcdatamodel; path = core_data.xcdatamodel; sourceTree = "<group>"; };
		6C60F8252CCF549C00195899 /* Assets.xcassets */ = {isa = PBXFileReference; lastKnownFileType = folder.assetcatalog; path = Assets.xcassets; sourceTree = "<group>"; };
		6C60F8282CCF549C00195899 /* Base */ = {isa = PBXFileReference; lastKnownFileType = file.storyboard; name = Base; path = Base.lproj/LaunchScreen.storyboard; sourceTree = "<group>"; };
		6C60F82A2CCF549C00195899 /* Info.plist */ = {isa = PBXFileReference; lastKnownFileType = text.plist.xml; path = Info.plist; sourceTree = "<group>"; };
		6C7397662CE2204400B5A8B8 /* CoreDataManager.swift */ = {isa = PBXFileReference; lastKnownFileType = sourcecode.swift; path = CoreDataManager.swift; sourceTree = "<group>"; };
		6C7397682CE232EB00B5A8B8 /* HomeVC.swift */ = {isa = PBXFileReference; lastKnownFileType = sourcecode.swift; path = HomeVC.swift; sourceTree = "<group>"; };
		6C73976A2CE233E100B5A8B8 /* ListUserVC.swift */ = {isa = PBXFileReference; lastKnownFileType = sourcecode.swift; path = ListUserVC.swift; sourceTree = "<group>"; };
		6C73976D2CE23D8F00B5A8B8 /* UserListCollectionViewCell.swift */ = {isa = PBXFileReference; lastKnownFileType = sourcecode.swift; path = UserListCollectionViewCell.swift; sourceTree = "<group>"; };
		6C73976E2CE23D8F00B5A8B8 /* UserListCollectionViewCell.xib */ = {isa = PBXFileReference; lastKnownFileType = file.xib; path = UserListCollectionViewCell.xib; sourceTree = "<group>"; };
		6C7397722CE2432100B5A8B8 /* UserModel.swift */ = {isa = PBXFileReference; lastKnownFileType = sourcecode.swift; path = UserModel.swift; sourceTree = "<group>"; };
		6C7397752CE2437C00B5A8B8 /* Dictionary+Extension.swift */ = {isa = PBXFileReference; lastKnownFileType = sourcecode.swift; path = "Dictionary+Extension.swift"; sourceTree = "<group>"; };
		6CA06CA02CE337A4007C5946 /* ProductHomeViewController.swift */ = {isa = PBXFileReference; lastKnownFileType = sourcecode.swift; path = ProductHomeViewController.swift; sourceTree = "<group>"; };
		6CA06CA22CE337EC007C5946 /* ApiClient.swift */ = {isa = PBXFileReference; lastKnownFileType = sourcecode.swift; path = ApiClient.swift; sourceTree = "<group>"; };
		6CA06CAA2CE33E24007C5946 /* ApiError.swift */ = {isa = PBXFileReference; lastKnownFileType = sourcecode.swift; path = ApiError.swift; sourceTree = "<group>"; };
		6CA06CAC2CE3575C007C5946 /* ProductHomeModel.swift */ = {isa = PBXFileReference; lastKnownFileType = sourcecode.swift; path = "ProductHome\U0010Model.swift"; sourceTree = "<group>"; };
		6CA06CAE2CE359A2007C5946 /* ApiManager.swift */ = {isa = PBXFileReference; lastKnownFileType = sourcecode.swift; path = ApiManager.swift; sourceTree = "<group>"; };
		6CA06CB12CE35A4E007C5946 /* ApiConstants.swift */ = {isa = PBXFileReference; lastKnownFileType = sourcecode.swift; path = ApiConstants.swift; sourceTree = "<group>"; };
		6CA06CB52CE361FC007C5946 /* HomeCollectionViewCell.swift */ = {isa = PBXFileReference; lastKnownFileType = sourcecode.swift; path = HomeCollectionViewCell.swift; sourceTree = "<group>"; };
		6CA06CB62CE361FC007C5946 /* HomeCollectionViewCell.xib */ = {isa = PBXFileReference; lastKnownFileType = file.xib; path = HomeCollectionViewCell.xib; sourceTree = "<group>"; };
		6CA06CB92CE365AC007C5946 /* Package.swift */ = {isa = PBXFileReference; lastKnownFileType = sourcecode.swift; path = Package.swift; sourceTree = "<group>"; };
		6CA06CBD2CE4772E007C5946 /* TodoListViewController.swift */ = {isa = PBXFileReference; lastKnownFileType = sourcecode.swift; path = TodoListViewController.swift; sourceTree = "<group>"; };
		6CA06CC02CE478AC007C5946 /* TodoCellTableViewCell.swift */ = {isa = PBXFileReference; lastKnownFileType = sourcecode.swift; path = TodoCellTableViewCell.swift; sourceTree = "<group>"; };
		6CA06CC22CE480FD007C5946 /* TodoList+CoreDataClass.swift */ = {isa = PBXFileReference; fileEncoding = 4; lastKnownFileType = sourcecode.swift; path = "TodoList+CoreDataClass.swift"; sourceTree = "<group>"; };
		6CA06CC32CE480FD007C5946 /* TodoList+CoreDataProperties.swift */ = {isa = PBXFileReference; fileEncoding = 4; lastKnownFileType = sourcecode.swift; path = "TodoList+CoreDataProperties.swift"; sourceTree = "<group>"; };
		6CA06CC72CE48E10007C5946 /* SectionHeaderCollectionReusableView.swift */ = {isa = PBXFileReference; lastKnownFileType = sourcecode.swift; path = SectionHeaderCollectionReusableView.swift; sourceTree = "<group>"; };
		6CA06CC82CE48E10007C5946 /* SectionHeaderCollectionReusableView.xib */ = {isa = PBXFileReference; lastKnownFileType = file.xib; path = SectionHeaderCollectionReusableView.xib; sourceTree = "<group>"; };
		D509B245796F36804112AC70 /* Pods-core_data.release.xcconfig */ = {isa = PBXFileReference; includeInIndex = 1; lastKnownFileType = text.xcconfig; name = "Pods-core_data.release.xcconfig"; path = "Target Support Files/Pods-core_data/Pods-core_data.release.xcconfig"; sourceTree = "<group>"; };
		E81B6F807B664ED9D8F4DECB /* Pods_core_data.framework */ = {isa = PBXFileReference; explicitFileType = wrapper.framework; includeInIndex = 0; path = Pods_core_data.framework; sourceTree = BUILT_PRODUCTS_DIR; };
/* End PBXFileReference section */

/* Begin PBXFrameworksBuildPhase section */
		6C60F8132CCF549A00195899 /* Frameworks */ = {
			isa = PBXFrameworksBuildPhase;
			buildActionMask = 2147483647;
			files = (
				D45458EE77ACAA6DB8BC1515 /* Pods_core_data.framework in Frameworks */,
			);
			runOnlyForDeploymentPostprocessing = 0;
		};
/* End PBXFrameworksBuildPhase section */

/* Begin PBXGroup section */
		413C94889839EABB3E5A2B51 /* Frameworks */ = {
			isa = PBXGroup;
			children = (
				E81B6F807B664ED9D8F4DECB /* Pods_core_data.framework */,
			);
			name = Frameworks;
			sourceTree = "<group>";
		};
		6C60F80D2CCF549A00195899 = {
			isa = PBXGroup;
			children = (
				6C60F8182CCF549A00195899 /* core_data */,
				6C60F8172CCF549A00195899 /* Products */,
				AE8C4F1EF3465D8CF221FB3B /* Pods */,
				413C94889839EABB3E5A2B51 /* Frameworks */,
			);
			sourceTree = "<group>";
		};
		6C60F8172CCF549A00195899 /* Products */ = {
			isa = PBXGroup;
			children = (
				6C60F8162CCF549A00195899 /* core_data.app */,
			);
			name = Products;
			sourceTree = "<group>";
		};
		6C60F8182CCF549A00195899 /* core_data */ = {
			isa = PBXGroup;
			children = (
				6CA06CC22CE480FD007C5946 /* TodoList+CoreDataClass.swift */,
				6CA06CC32CE480FD007C5946 /* TodoList+CoreDataProperties.swift */,
				6CA06C9E2CE31F62007C5946 /* Network */,
				6C7397712CE2431100B5A8B8 /* Model */,
				6C7397652CE21FC300B5A8B8 /* Hellpers */,
				6C7397642CE21FAE00B5A8B8 /* ViewControllers */,
				6C60F8192CCF549A00195899 /* AppDelegate.swift */,
				6C60F81B2CCF549A00195899 /* SceneDelegate.swift */,
				6C60F81F2CCF549A00195899 /* Main.storyboard */,
				6C60F8252CCF549C00195899 /* Assets.xcassets */,
				6C60F8272CCF549C00195899 /* LaunchScreen.storyboard */,
				6C60F82A2CCF549C00195899 /* Info.plist */,
				6C60F8222CCF549A00195899 /* core_data.xcdatamodeld */,
				6CA06CB92CE365AC007C5946 /* Package.swift */,
			);
			path = core_data;
			sourceTree = "<group>";
		};
		6C7397642CE21FAE00B5A8B8 /* ViewControllers */ = {
			isa = PBXGroup;
			children = (
				6CA06CBC2CE47705007C5946 /* TodoList */,
				6CA06C9F2CE3377A007C5946 /* ProductPage */,
				6C73976C2CE23C9A00B5A8B8 /* collectionViewCell */,
				6C60F81D2CCF549A00195899 /* AddUserVC.swift */,
				6C7397682CE232EB00B5A8B8 /* HomeVC.swift */,
				6C73976A2CE233E100B5A8B8 /* ListUserVC.swift */,
			);
			path = ViewControllers;
			sourceTree = "<group>";
		};
		6C7397652CE21FC300B5A8B8 /* Hellpers */ = {
			isa = PBXGroup;
			children = (
				6CA06CB32CE3600D007C5946 /* Maanger */,
				6CA06CB02CE35A3B007C5946 /* Constants */,
				6CA06CA92CE33E14007C5946 /* enums */,
				6C7397742CE2436400B5A8B8 /* Extensions */,
			);
			path = Hellpers;
			sourceTree = "<group>";
		};
		6C73976C2CE23C9A00B5A8B8 /* collectionViewCell */ = {
			isa = PBXGroup;
			children = (
				6C73976D2CE23D8F00B5A8B8 /* UserListCollectionViewCell.swift */,
				6C73976E2CE23D8F00B5A8B8 /* UserListCollectionViewCell.xib */,
			);
			path = collectionViewCell;
			sourceTree = "<group>";
		};
		6C7397712CE2431100B5A8B8 /* Model */ = {
			isa = PBXGroup;
			children = (
				6C7397722CE2432100B5A8B8 /* UserModel.swift */,
			);
			path = Model;
			sourceTree = "<group>";
		};
		6C7397742CE2436400B5A8B8 /* Extensions */ = {
			isa = PBXGroup;
			children = (
				6C7397752CE2437C00B5A8B8 /* Dictionary+Extension.swift */,
			);
			path = Extensions;
			sourceTree = "<group>";
		};
		6CA06C9E2CE31F62007C5946 /* Network */ = {
			isa = PBXGroup;
			children = (
				6CA06CA22CE337EC007C5946 /* ApiClient.swift */,
				6CA06CAE2CE359A2007C5946 /* ApiManager.swift */,
			);
			path = Network;
			sourceTree = "<group>";
		};
		6CA06C9F2CE3377A007C5946 /* ProductPage */ = {
			isa = PBXGroup;
			children = (
				6CA06CB42CE361C8007C5946 /* collectionViewCell */,
				6CA06CA02CE337A4007C5946 /* ProductHomeViewController.swift */,
				6CA06CAC2CE3575C007C5946 /* ProductHomeModel.swift */,
			);
			path = ProductPage;
			sourceTree = "<group>";
		};
		6CA06CA92CE33E14007C5946 /* enums */ = {
			isa = PBXGroup;
			children = (
				6CA06CAA2CE33E24007C5946 /* ApiError.swift */,
			);
			path = enums;
			sourceTree = "<group>";
		};
		6CA06CB02CE35A3B007C5946 /* Constants */ = {
			isa = PBXGroup;
			children = (
				6CA06CB12CE35A4E007C5946 /* ApiConstants.swift */,
			);
			path = Constants;
			sourceTree = "<group>";
		};
		6CA06CB32CE3600D007C5946 /* Maanger */ = {
			isa = PBXGroup;
			children = (
				6C7397662CE2204400B5A8B8 /* CoreDataManager.swift */,
			);
			path = Maanger;
			sourceTree = "<group>";
		};
		6CA06CB42CE361C8007C5946 /* collectionViewCell */ = {
			isa = PBXGroup;
			children = (
				6CA06CB52CE361FC007C5946 /* HomeCollectionViewCell.swift */,
				6CA06CB62CE361FC007C5946 /* HomeCollectionViewCell.xib */,
				6CA06CC72CE48E10007C5946 /* SectionHeaderCollectionReusableView.swift */,
				6CA06CC82CE48E10007C5946 /* SectionHeaderCollectionReusableView.xib */,
			);
			path = collectionViewCell;
			sourceTree = "<group>";
		};
		6CA06CBC2CE47705007C5946 /* TodoList */ = {
			isa = PBXGroup;
			children = (
				6CA06CBF2CE47889007C5946 /* TableViewCell */,
				6CA06CBD2CE4772E007C5946 /* TodoListViewController.swift */,
			);
			path = TodoList;
			sourceTree = "<group>";
		};
		6CA06CBF2CE47889007C5946 /* TableViewCell */ = {
			isa = PBXGroup;
			children = (
				6CA06CC02CE478AC007C5946 /* TodoCellTableViewCell.swift */,
			);
			path = TableViewCell;
			sourceTree = "<group>";
		};
		AE8C4F1EF3465D8CF221FB3B /* Pods */ = {
			isa = PBXGroup;
			children = (
				2FA888713A2A228AC52E7DF5 /* Pods-core_data.debug.xcconfig */,
				D509B245796F36804112AC70 /* Pods-core_data.release.xcconfig */,
			);
			path = Pods;
			sourceTree = "<group>";
		};
/* End PBXGroup section */

/* Begin PBXNativeTarget section */
		6C60F8152CCF549A00195899 /* core_data */ = {
			isa = PBXNativeTarget;
			buildConfigurationList = 6C60F82D2CCF549C00195899 /* Build configuration list for PBXNativeTarget "core_data" */;
			buildPhases = (
				B2F4F9C253A60B14EAA005EB /* [CP] Check Pods Manifest.lock */,
				6C60F8122CCF549A00195899 /* Sources */,
				6C60F8132CCF549A00195899 /* Frameworks */,
				6C60F8142CCF549A00195899 /* Resources */,
				648B2443F1FBBB2C8FCEDFB4 /* [CP] Embed Pods Frameworks */,
			);
			buildRules = (
			);
			dependencies = (
			);
			name = core_data;
			productName = core_data;
			productReference = 6C60F8162CCF549A00195899 /* core_data.app */;
			productType = "com.apple.product-type.application";
		};
/* End PBXNativeTarget section */

/* Begin PBXProject section */
		6C60F80E2CCF549A00195899 /* Project object */ = {
			isa = PBXProject;
			attributes = {
				BuildIndependentTargetsInParallel = 1;
				LastSwiftUpdateCheck = 1530;
				LastUpgradeCheck = 1530;
				TargetAttributes = {
					6C60F8152CCF549A00195899 = {
						CreatedOnToolsVersion = 15.3;
					};
				};
			};
			buildConfigurationList = 6C60F8112CCF549A00195899 /* Build configuration list for PBXProject "core_data" */;
			compatibilityVersion = "Xcode 14.0";
			developmentRegion = en;
			hasScannedForEncodings = 0;
			knownRegions = (
				en,
				Base,
			);
			mainGroup = 6C60F80D2CCF549A00195899;
			productRefGroup = 6C60F8172CCF549A00195899 /* Products */;
			projectDirPath = "";
			projectRoot = "";
			targets = (
				6C60F8152CCF549A00195899 /* core_data */,
			);
		};
/* End PBXProject section */

/* Begin PBXResourcesBuildPhase section */
		6C60F8142CCF549A00195899 /* Resources */ = {
			isa = PBXResourcesBuildPhase;
			buildActionMask = 2147483647;
			files = (
				6CA06CB72CE361FC007C5946 /* HomeCollectionViewCell.xib in Resources */,
				6C60F8262CCF549C00195899 /* Assets.xcassets in Resources */,
				6CA06CC92CE48E10007C5946 /* SectionHeaderCollectionReusableView.xib in Resources */,
				6C7397702CE23D8F00B5A8B8 /* UserListCollectionViewCell.xib in Resources */,
				6C60F8292CCF549C00195899 /* Base in Resources */,
				6C60F8212CCF549A00195899 /* Base in Resources */,
			);
			runOnlyForDeploymentPostprocessing = 0;
		};
/* End PBXResourcesBuildPhase section */

/* Begin PBXShellScriptBuildPhase section */
		648B2443F1FBBB2C8FCEDFB4 /* [CP] Embed Pods Frameworks */ = {
			isa = PBXShellScriptBuildPhase;
			buildActionMask = 2147483647;
			files = (
			);
			inputFileListPaths = (
				"${PODS_ROOT}/Target Support Files/Pods-core_data/Pods-core_data-frameworks-${CONFIGURATION}-input-files.xcfilelist",
			);
			name = "[CP] Embed Pods Frameworks";
			outputFileListPaths = (
				"${PODS_ROOT}/Target Support Files/Pods-core_data/Pods-core_data-frameworks-${CONFIGURATION}-output-files.xcfilelist",
			);
			runOnlyForDeploymentPostprocessing = 0;
			shellPath = /bin/sh;
			shellScript = "\"${PODS_ROOT}/Target Support Files/Pods-core_data/Pods-core_data-frameworks.sh\"\n";
			showEnvVarsInLog = 0;
		};
		B2F4F9C253A60B14EAA005EB /* [CP] Check Pods Manifest.lock */ = {
			isa = PBXShellScriptBuildPhase;
			buildActionMask = 2147483647;
			files = (
			);
			inputFileListPaths = (
			);
			inputPaths = (
				"${PODS_PODFILE_DIR_PATH}/Podfile.lock",
				"${PODS_ROOT}/Manifest.lock",
			);
			name = "[CP] Check Pods Manifest.lock";
			outputFileListPaths = (
			);
			outputPaths = (
				"$(DERIVED_FILE_DIR)/Pods-core_data-checkManifestLockResult.txt",
			);
			runOnlyForDeploymentPostprocessing = 0;
			shellPath = /bin/sh;
			shellScript = "diff \"${PODS_PODFILE_DIR_PATH}/Podfile.lock\" \"${PODS_ROOT}/Manifest.lock\" > /dev/null\nif [ $? != 0 ] ; then\n    # print error to STDERR\n    echo \"error: The sandbox is not in sync with the Podfile.lock. Run 'pod install' or update your CocoaPods installation.\" >&2\n    exit 1\nfi\n# This output is used by Xcode 'outputs' to avoid re-running this script phase.\necho \"SUCCESS\" > \"${SCRIPT_OUTPUT_FILE_0}\"\n";
			showEnvVarsInLog = 0;
		};
/* End PBXShellScriptBuildPhase section */

/* Begin PBXSourcesBuildPhase section */
		6C60F8122CCF549A00195899 /* Sources */ = {
			isa = PBXSourcesBuildPhase;
			buildActionMask = 2147483647;
			files = (
				6C60F8242CCF549A00195899 /* core_data.xcdatamodeld in Sources */,
				6C60F81E2CCF549A00195899 /* AddUserVC.swift in Sources */,
				6CA06CCA2CE48E10007C5946 /* SectionHeaderCollectionReusableView.swift in Sources */,
				6C73976F2CE23D8F00B5A8B8 /* UserListCollectionViewCell.swift in Sources */,
				6CA06CC12CE478AC007C5946 /* TodoCellTableViewCell.swift in Sources */,
				6C60F81A2CCF549A00195899 /* AppDelegate.swift in Sources */,
				6CA06CB22CE35A4E007C5946 /* ApiConstants.swift in Sources */,
				6C7397692CE232EB00B5A8B8 /* HomeVC.swift in Sources */,
				6CA06CA12CE337A4007C5946 /* ProductHomeViewController.swift in Sources */,
				6C73976B2CE233E100B5A8B8 /* ListUserVC.swift in Sources */,
				6CA06CAF2CE359A2007C5946 /* ApiManager.swift in Sources */,
				6C7397672CE2204400B5A8B8 /* CoreDataManager.swift in Sources */,
				6CA06CB82CE361FC007C5946 /* HomeCollectionViewCell.swift in Sources */,
				6C7397732CE2432100B5A8B8 /* UserModel.swift in Sources */,
				6CA06CBA2CE365AC007C5946 /* Package.swift in Sources */,
				6C60F81C2CCF549A00195899 /* SceneDelegate.swift in Sources */,
				6CA06CC42CE480FD007C5946 /* TodoList+CoreDataClass.swift in Sources */,
				6C7397762CE2437C00B5A8B8 /* Dictionary+Extension.swift in Sources */,
				6CA06CBE2CE4772E007C5946 /* TodoListViewController.swift in Sources */,
				6CA06CAB2CE33E24007C5946 /* ApiError.swift in Sources */,
				6CA06CA32CE337EC007C5946 /* ApiClient.swift in Sources */,
				6CA06CAD2CE3575C007C5946 /* ProductHomeModel.swift in Sources */,
				6CA06CC52CE480FD007C5946 /* TodoList+CoreDataProperties.swift in Sources */,
			);
			runOnlyForDeploymentPostprocessing = 0;
		};
/* End PBXSourcesBuildPhase section */

/* Begin PBXVariantGroup section */
		6C60F81F2CCF549A00195899 /* Main.storyboard */ = {
			isa = PBXVariantGroup;
			children = (
				6C60F8202CCF549A00195899 /* Base */,
			);
			name = Main.storyboard;
			sourceTree = "<group>";
		};
		6C60F8272CCF549C00195899 /* LaunchScreen.storyboard */ = {
			isa = PBXVariantGroup;
			children = (
				6C60F8282CCF549C00195899 /* Base */,
			);
			name = LaunchScreen.storyboard;
			sourceTree = "<group>";
		};
/* End PBXVariantGroup section */

/* Begin XCBuildConfiguration section */
		6C60F82B2CCF549C00195899 /* Debug */ = {
			isa = XCBuildConfiguration;
			buildSettings = {
				ALWAYS_SEARCH_USER_PATHS = NO;
				ASSETCATALOG_COMPILER_GENERATE_SWIFT_ASSET_SYMBOL_EXTENSIONS = YES;
				CLANG_ANALYZER_NONNULL = YES;
				CLANG_ANALYZER_NUMBER_OBJECT_CONVERSION = YES_AGGRESSIVE;
				CLANG_CXX_LANGUAGE_STANDARD = "gnu++20";
				CLANG_ENABLE_MODULES = YES;
				CLANG_ENABLE_OBJC_ARC = YES;
				CLANG_ENABLE_OBJC_WEAK = YES;
				CLANG_WARN_BLOCK_CAPTURE_AUTORELEASING = YES;
				CLANG_WARN_BOOL_CONVERSION = YES;
				CLANG_WARN_COMMA = YES;
				CLANG_WARN_CONSTANT_CONVERSION = YES;
				CLANG_WARN_DEPRECATED_OBJC_IMPLEMENTATIONS = YES;
				CLANG_WARN_DIRECT_OBJC_ISA_USAGE = YES_ERROR;
				CLANG_WARN_DOCUMENTATION_COMMENTS = YES;
				CLANG_WARN_EMPTY_BODY = YES;
				CLANG_WARN_ENUM_CONVERSION = YES;
				CLANG_WARN_INFINITE_RECURSION = YES;
				CLANG_WARN_INT_CONVERSION = YES;
				CLANG_WARN_NON_LITERAL_NULL_CONVERSION = YES;
				CLANG_WARN_OBJC_IMPLICIT_RETAIN_SELF = YES;
				CLANG_WARN_OBJC_LITERAL_CONVERSION = YES;
				CLANG_WARN_OBJC_ROOT_CLASS = YES_ERROR;
				CLANG_WARN_QUOTED_INCLUDE_IN_FRAMEWORK_HEADER = YES;
				CLANG_WARN_RANGE_LOOP_ANALYSIS = YES;
				CLANG_WARN_STRICT_PROTOTYPES = YES;
				CLANG_WARN_SUSPICIOUS_MOVE = YES;
				CLANG_WARN_UNGUARDED_AVAILABILITY = YES_AGGRESSIVE;
				CLANG_WARN_UNREACHABLE_CODE = YES;
				CLANG_WARN__DUPLICATE_METHOD_MATCH = YES;
				COPY_PHASE_STRIP = NO;
				DEBUG_INFORMATION_FORMAT = dwarf;
				ENABLE_STRICT_OBJC_MSGSEND = YES;
				ENABLE_TESTABILITY = YES;
				ENABLE_USER_SCRIPT_SANDBOXING = NO;
				GCC_C_LANGUAGE_STANDARD = gnu17;
				GCC_DYNAMIC_NO_PIC = NO;
				GCC_NO_COMMON_BLOCKS = YES;
				GCC_OPTIMIZATION_LEVEL = 0;
				GCC_PREPROCESSOR_DEFINITIONS = (
					"DEBUG=1",
					"$(inherited)",
				);
				GCC_WARN_64_TO_32_BIT_CONVERSION = YES;
				GCC_WARN_ABOUT_RETURN_TYPE = YES_ERROR;
				GCC_WARN_UNDECLARED_SELECTOR = YES;
				GCC_WARN_UNINITIALIZED_AUTOS = YES_AGGRESSIVE;
				GCC_WARN_UNUSED_FUNCTION = YES;
				GCC_WARN_UNUSED_VARIABLE = YES;
				IPHONEOS_DEPLOYMENT_TARGET = 17.4;
				LOCALIZATION_PREFERS_STRING_CATALOGS = YES;
				MTL_ENABLE_DEBUG_INFO = INCLUDE_SOURCE;
				MTL_FAST_MATH = YES;
				ONLY_ACTIVE_ARCH = YES;
				SDKROOT = iphoneos;
				SWIFT_ACTIVE_COMPILATION_CONDITIONS = "DEBUG $(inherited)";
				SWIFT_OPTIMIZATION_LEVEL = "-Onone";
			};
			name = Debug;
		};
		6C60F82C2CCF549C00195899 /* Release */ = {
			isa = XCBuildConfiguration;
			buildSettings = {
				ALWAYS_SEARCH_USER_PATHS = NO;
				ASSETCATALOG_COMPILER_GENERATE_SWIFT_ASSET_SYMBOL_EXTENSIONS = YES;
				CLANG_ANALYZER_NONNULL = YES;
				CLANG_ANALYZER_NUMBER_OBJECT_CONVERSION = YES_AGGRESSIVE;
				CLANG_CXX_LANGUAGE_STANDARD = "gnu++20";
				CLANG_ENABLE_MODULES = YES;
				CLANG_ENABLE_OBJC_ARC = YES;
				CLANG_ENABLE_OBJC_WEAK = YES;
				CLANG_WARN_BLOCK_CAPTURE_AUTORELEASING = YES;
				CLANG_WARN_BOOL_CONVERSION = YES;
				CLANG_WARN_COMMA = YES;
				CLANG_WARN_CONSTANT_CONVERSION = YES;
				CLANG_WARN_DEPRECATED_OBJC_IMPLEMENTATIONS = YES;
				CLANG_WARN_DIRECT_OBJC_ISA_USAGE = YES_ERROR;
				CLANG_WARN_DOCUMENTATION_COMMENTS = YES;
				CLANG_WARN_EMPTY_BODY = YES;
				CLANG_WARN_ENUM_CONVERSION = YES;
				CLANG_WARN_INFINITE_RECURSION = YES;
				CLANG_WARN_INT_CONVERSION = YES;
				CLANG_WARN_NON_LITERAL_NULL_CONVERSION = YES;
				CLANG_WARN_OBJC_IMPLICIT_RETAIN_SELF = YES;
				CLANG_WARN_OBJC_LITERAL_CONVERSION = YES;
				CLANG_WARN_OBJC_ROOT_CLASS = YES_ERROR;
				CLANG_WARN_QUOTED_INCLUDE_IN_FRAMEWORK_HEADER = YES;
				CLANG_WARN_RANGE_LOOP_ANALYSIS = YES;
				CLANG_WARN_STRICT_PROTOTYPES = YES;
				CLANG_WARN_SUSPICIOUS_MOVE = YES;
				CLANG_WARN_UNGUARDED_AVAILABILITY = YES_AGGRESSIVE;
				CLANG_WARN_UNREACHABLE_CODE = YES;
				CLANG_WARN__DUPLICATE_METHOD_MATCH = YES;
				COPY_PHASE_STRIP = NO;
				DEBUG_INFORMATION_FORMAT = "dwarf-with-dsym";
				ENABLE_NS_ASSERTIONS = NO;
				ENABLE_STRICT_OBJC_MSGSEND = YES;
				ENABLE_USER_SCRIPT_SANDBOXING = NO;
				GCC_C_LANGUAGE_STANDARD = gnu17;
				GCC_NO_COMMON_BLOCKS = YES;
				GCC_WARN_64_TO_32_BIT_CONVERSION = YES;
				GCC_WARN_ABOUT_RETURN_TYPE = YES_ERROR;
				GCC_WARN_UNDECLARED_SELECTOR = YES;
				GCC_WARN_UNINITIALIZED_AUTOS = YES_AGGRESSIVE;
				GCC_WARN_UNUSED_FUNCTION = YES;
				GCC_WARN_UNUSED_VARIABLE = YES;
				IPHONEOS_DEPLOYMENT_TARGET = 17.4;
				LOCALIZATION_PREFERS_STRING_CATALOGS = YES;
				MTL_ENABLE_DEBUG_INFO = NO;
				MTL_FAST_MATH = YES;
				SDKROOT = iphoneos;
				SWIFT_COMPILATION_MODE = wholemodule;
				VALIDATE_PRODUCT = YES;
			};
			name = Release;
		};
		6C60F82E2CCF549C00195899 /* Debug */ = {
			isa = XCBuildConfiguration;
			baseConfigurationReference = 2FA888713A2A228AC52E7DF5 /* Pods-core_data.debug.xcconfig */;
			buildSettings = {
				ASSETCATALOG_COMPILER_APPICON_NAME = AppIcon;
				ASSETCATALOG_COMPILER_GLOBAL_ACCENT_COLOR_NAME = AccentColor;
				CODE_SIGN_STYLE = Automatic;
				CURRENT_PROJECT_VERSION = 1;
				GENERATE_INFOPLIST_FILE = YES;
				INFOPLIST_FILE = core_data/Info.plist;
				INFOPLIST_KEY_UIApplicationSupportsIndirectInputEvents = YES;
				INFOPLIST_KEY_UILaunchStoryboardName = LaunchScreen;
				INFOPLIST_KEY_UIMainStoryboardFile = Main;
				INFOPLIST_KEY_UISupportedInterfaceOrientations_iPad = "UIInterfaceOrientationPortrait UIInterfaceOrientationPortraitUpsideDown UIInterfaceOrientationLandscapeLeft UIInterfaceOrientationLandscapeRight";
				INFOPLIST_KEY_UISupportedInterfaceOrientations_iPhone = "UIInterfaceOrientationPortrait UIInterfaceOrientationLandscapeLeft UIInterfaceOrientationLandscapeRight";
				IPHONEOS_DEPLOYMENT_TARGET = 13;
				LD_RUNPATH_SEARCH_PATHS = (
					"$(inherited)",
					"@executable_path/Frameworks",
				);
				MARKETING_VERSION = 1.0;
				PRODUCT_BUNDLE_IDENTIFIER = "com.coredata.ios.core-data";
				PRODUCT_NAME = "$(TARGET_NAME)";
				SWIFT_EMIT_LOC_STRINGS = YES;
				SWIFT_VERSION = 5.0;
				TARGETED_DEVICE_FAMILY = "1,2";
			};
			name = Debug;
		};
		6C60F82F2CCF549C00195899 /* Release */ = {
			isa = XCBuildConfiguration;
			baseConfigurationReference = D509B245796F36804112AC70 /* Pods-core_data.release.xcconfig */;
			buildSettings = {
				ASSETCATALOG_COMPILER_APPICON_NAME = AppIcon;
				ASSETCATALOG_COMPILER_GLOBAL_ACCENT_COLOR_NAME = AccentColor;
				CODE_SIGN_STYLE = Automatic;
				CURRENT_PROJECT_VERSION = 1;
				GENERATE_INFOPLIST_FILE = YES;
				INFOPLIST_FILE = core_data/Info.plist;
				INFOPLIST_KEY_UIApplicationSupportsIndirectInputEvents = YES;
				INFOPLIST_KEY_UILaunchStoryboardName = LaunchScreen;
				INFOPLIST_KEY_UIMainStoryboardFile = Main;
				INFOPLIST_KEY_UISupportedInterfaceOrientations_iPad = "UIInterfaceOrientationPortrait UIInterfaceOrientationPortraitUpsideDown UIInterfaceOrientationLandscapeLeft UIInterfaceOrientationLandscapeRight";
				INFOPLIST_KEY_UISupportedInterfaceOrientations_iPhone = "UIInterfaceOrientationPortrait UIInterfaceOrientationLandscapeLeft UIInterfaceOrientationLandscapeRight";
				IPHONEOS_DEPLOYMENT_TARGET = 13;
				LD_RUNPATH_SEARCH_PATHS = (
					"$(inherited)",
					"@executable_path/Frameworks",
				);
				MARKETING_VERSION = 1.0;
				PRODUCT_BUNDLE_IDENTIFIER = "com.coredata.ios.core-data";
				PRODUCT_NAME = "$(TARGET_NAME)";
				SWIFT_EMIT_LOC_STRINGS = YES;
				SWIFT_VERSION = 5.0;
				TARGETED_DEVICE_FAMILY = "1,2";
			};
			name = Release;
		};
/* End XCBuildConfiguration section */

/* Begin XCConfigurationList section */
		6C60F8112CCF549A00195899 /* Build configuration list for PBXProject "core_data" */ = {
			isa = XCConfigurationList;
			buildConfigurations = (
				6C60F82B2CCF549C00195899 /* Debug */,
				6C60F82C2CCF549C00195899 /* Release */,
			);
			defaultConfigurationIsVisible = 0;
			defaultConfigurationName = Release;
		};
		6C60F82D2CCF549C00195899 /* Build configuration list for PBXNativeTarget "core_data" */ = {
			isa = XCConfigurationList;
			buildConfigurations = (
				6C60F82E2CCF549C00195899 /* Debug */,
				6C60F82F2CCF549C00195899 /* Release */,
			);
			defaultConfigurationIsVisible = 0;
			defaultConfigurationName = Release;
		};
/* End XCConfigurationList section */

/* Begin XCVersionGroup section */
		6C60F8222CCF549A00195899 /* core_data.xcdatamodeld */ = {
			isa = XCVersionGroup;
			children = (
				6C60F8232CCF549A00195899 /* core_data.xcdatamodel */,
			);
			currentVersion = 6C60F8232CCF549A00195899 /* core_data.xcdatamodel */;
			path = core_data.xcdatamodeld;
			sourceTree = "<group>";
			versionGroupType = wrapper.xcdatamodel;
		};
/* End XCVersionGroup section */
	};
	rootObject = 6C60F80E2CCF549A00195899 /* Project object */;
}
